// !$*UTF8*$!
{
	archiveVersion = 1;
	classes = {
	};
	objectVersion = 48;
	objects = {

/* Begin PBXBuildFile section */
		13C1182E206D25820012306E /* AppDelegate.m in Sources */ = {isa = PBXBuildFile; fileRef = 13C1182D206D25820012306E /* AppDelegate.m */; };
		13C11830206D25820012306E /* art.scnassets in Resources */ = {isa = PBXBuildFile; fileRef = 13C1182F206D25820012306E /* art.scnassets */; };
		13C11833206D25820012306E /* ViewController.m in Sources */ = {isa = PBXBuildFile; fileRef = 13C11832206D25820012306E /* ViewController.m */; };
		13C11836206D25820012306E /* Main.storyboard in Resources */ = {isa = PBXBuildFile; fileRef = 13C11834206D25820012306E /* Main.storyboard */; };
		13C11838206D25820012306E /* Assets.xcassets in Resources */ = {isa = PBXBuildFile; fileRef = 13C11837206D25820012306E /* Assets.xcassets */; };
		13C1183B206D25820012306E /* LaunchScreen.storyboard in Resources */ = {isa = PBXBuildFile; fileRef = 13C11839206D25820012306E /* LaunchScreen.storyboard */; };
		13C1183E206D25820012306E /* main.m in Sources */ = {isa = PBXBuildFile; fileRef = 13C1183D206D25820012306E /* main.m */; };
/* End PBXBuildFile section */

/* Begin PBXFileReference section */
		13C11829206D25820012306E /* 3DARKit初体验.app */ = {isa = PBXFileReference; explicitFileType = wrapper.application; includeInIndex = 0; path = "3DARKit初体验.app"; sourceTree = BUILT_PRODUCTS_DIR; };
		13C1182C206D25820012306E /* AppDelegate.h */ = {isa = PBXFileReference; lastKnownFileType = sourcecode.c.h; path = AppDelegate.h; sourceTree = "<group>"; };
		13C1182D206D25820012306E /* AppDelegate.m */ = {isa = PBXFileReference; lastKnownFileType = sourcecode.c.objc; path = AppDelegate.m; sourceTree = "<group>"; };
		13C1182F206D25820012306E /* art.scnassets */ = {isa = PBXFileReference; lastKnownFileType = wrapper.scnassets; path = art.scnassets; sourceTree = "<group>"; };
		13C11831206D25820012306E /* ViewController.h */ = {isa = PBXFileReference; lastKnownFileType = sourcecode.c.h; path = ViewController.h; sourceTree = "<group>"; };
		13C11832206D25820012306E /* ViewController.m */ = {isa = PBXFileReference; lastKnownFileType = sourcecode.c.objc; path = ViewController.m; sourceTree = "<group>"; };
		13C11835206D25820012306E /* Base */ = {isa = PBXFileReference; lastKnownFileType = file.storyboard; name = Base; path = Base.lproj/Main.storyboard; sourceTree = "<group>"; };
		13C11837206D25820012306E /* Assets.xcassets */ = {isa = PBXFileReference; lastKnownFileType = folder.assetcatalog; path = Assets.xcassets; sourceTree = "<group>"; };
		13C1183A206D25820012306E /* Base */ = {isa = PBXFileReference; lastKnownFileType = file.storyboard; name = Base; path = Base.lproj/LaunchScreen.storyboard; sourceTree = "<group>"; };
		13C1183C206D25820012306E /* Info.plist */ = {isa = PBXFileReference; lastKnownFileType = text.plist.xml; path = Info.plist; sourceTree = "<group>"; };
		13C1183D206D25820012306E /* main.m */ = {isa = PBXFileReference; lastKnownFileType = sourcecode.c.objc; path = main.m; sourceTree = "<group>"; };
/* End PBXFileReference section */

/* Begin PBXFrameworksBuildPhase section */
		13C11826206D25820012306E /* Frameworks */ = {
			isa = PBXFrameworksBuildPhase;
			buildActionMask = 2147483647;
			files = (
			);
			runOnlyForDeploymentPostprocessing = 0;
		};
/* End PBXFrameworksBuildPhase section */

/* Begin PBXGroup section */
		13C11820206D25820012306E = {
			isa = PBXGroup;
			children = (
				13C1182B206D25820012306E /* 3DARKit初体验 */,
				13C1182A206D25820012306E /* Products */,
			);
			sourceTree = "<group>";
		};
		13C1182A206D25820012306E /* Products */ = {
			isa = PBXGroup;
			children = (
				13C11829206D25820012306E /* 3DARKit初体验.app */,
			);
			name = Products;
			sourceTree = "<group>";
		};
		13C1182B206D25820012306E /* 3DARKit初体验 */ = {
			isa = PBXGroup;
			children = (
				13C1182C206D25820012306E /* AppDelegate.h */,
				13C1182D206D25820012306E /* AppDelegate.m */,
				13C1182F206D25820012306E /* art.scnassets */,
				13C11831206D25820012306E /* ViewController.h */,
				13C11832206D25820012306E /* ViewController.m */,
				13C11834206D25820012306E /* Main.storyboard */,
				13C11837206D25820012306E /* Assets.xcassets */,
				13C11839206D25820012306E /* LaunchScreen.storyboard */,
				13C1183C206D25820012306E /* Info.plist */,
				13C1183D206D25820012306E /* main.m */,
			);
			path = "3DARKit初体验";
			sourceTree = "<group>";
		};
/* End PBXGroup section */

/* Begin PBXNativeTarget section */
		13C11828206D25820012306E /* 3DARKit初体验 */ = {
			isa = PBXNativeTarget;
			buildConfigurationList = 13C11841206D25820012306E /* Build configuration list for PBXNativeTarget "3DARKit初体验" */;
			buildPhases = (
				13C11825206D25820012306E /* Sources */,
				13C11826206D25820012306E /* Frameworks */,
				13C11827206D25820012306E /* Resources */,
			);
			buildRules = (
			);
			dependencies = (
			);
			name = "3DARKit初体验";
			productName = "3DARKit初体验";
			productReference = 13C11829206D25820012306E /* 3DARKit初体验.app */;
			productType = "com.apple.product-type.application";
		};
/* End PBXNativeTarget section */

/* Begin PBXProject section */
		13C11821206D25820012306E /* Project object */ = {
			isa = PBXProject;
			attributes = {
				LastUpgradeCheck = 0920;
				ORGANIZATIONNAME = "童阳升";
				TargetAttributes = {
					13C11828206D25820012306E = {
						CreatedOnToolsVersion = 9.2;
						ProvisioningStyle = Automatic;
					};
				};
			};
			buildConfigurationList = 13C11824206D25820012306E /* Build configuration list for PBXProject "3DARKit初体验" */;
			compatibilityVersion = "Xcode 8.0";
			developmentRegion = en;
			hasScannedForEncodings = 0;
			knownRegions = (
				en,
				Base,
			);
			mainGroup = 13C11820206D25820012306E;
			productRefGroup = 13C1182A206D25820012306E /* Products */;
			projectDirPath = "";
			projectRoot = "";
			targets = (
				13C11828206D25820012306E /* 3DARKit初体验 */,
			);
		};
/* End PBXProject section */

/* Begin PBXResourcesBuildPhase section */
		13C11827206D25820012306E /* Resources */ = {
			isa = PBXResourcesBuildPhase;
			buildActionMask = 2147483647;
			files = (
				13C11830206D25820012306E /* art.scnassets in Resources */,
				13C1183B206D25820012306E /* LaunchScreen.storyboard in Resources */,
				13C11838206D25820012306E /* Assets.xcassets in Resources */,
				13C11836206D25820012306E /* Main.storyboard in Resources */,
			);
			runOnlyForDeploymentPostprocessing = 0;
		};
/* End PBXResourcesBuildPhase section */

/* Begin PBXSourcesBuildPhase section */
		13C11825206D25820012306E /* Sources */ = {
			isa = PBXSourcesBuildPhase;
			buildActionMask = 2147483647;
			files = (
				13C11833206D25820012306E /* ViewController.m in Sources */,
				13C1183E206D25820012306E /* main.m in Sources */,
				13C1182E206D25820012306E /* AppDelegate.m in Sources */,
			);
			runOnlyForDeploymentPostprocessing = 0;
		};
/* End PBXSourcesBuildPhase section */

/* Begin PBXVariantGroup section */
		13C11834206D25820012306E /* Main.storyboard */ = {
			isa = PBXVariantGroup;
			children = (
				13C11835206D25820012306E /* Base */,
			);
			name = Main.storyboard;
			sourceTree = "<group>";
		};
		13C11839206D25820012306E /* LaunchScreen.storyboard */ = {
			isa = PBXVariantGroup;
			children = (
				13C1183A206D25820012306E /* Base */,
			);
			name = LaunchScreen.storyboard;
			sourceTree = "<group>";
		};
/* End PBXVariantGroup section */

/* Begin XCBuildConfiguration section */
		13C1183F206D25820012306E /* Debug */ = {
			isa = XCBuildConfiguration;
			buildSettings = {
				ALWAYS_SEARCH_USER_PATHS = NO;
				CLANG_ANALYZER_NONNULL = YES;
				CLANG_ANALYZER_NUMBER_OBJECT_CONVERSION = YES_AGGRESSIVE;
				CLANG_CXX_LANGUAGE_STANDARD = "gnu++14";
				CLANG_CXX_LIBRARY = "libc++";
				CLANG_ENABLE_MODULES = YES;
				CLANG_ENABLE_OBJC_ARC = YES;
				CLANG_WARN_BLOCK_CAPTURE_AUTORELEASING = YES;
				CLANG_WARN_BOOL_CONVERSION = YES;
				CLANG_WARN_COMMA = YES;
				CLANG_WARN_CONSTANT_CONVERSION = YES;
				CLANG_WARN_DIRECT_OBJC_ISA_USAGE = YES_ERROR;
				CLANG_WARN_DOCUMENTATION_COMMENTS = YES;
				CLANG_WARN_EMPTY_BODY = YES;
				CLANG_WARN_ENUM_CONVERSION = YES;
				CLANG_WARN_INFINITE_RECURSION = YES;
				CLANG_WARN_INT_CONVERSION = YES;
				CLANG_WARN_NON_LITERAL_NULL_CONVERSION = YES;
				CLANG_WARN_OBJC_LITERAL_CONVERSION = YES;
				CLANG_WARN_OBJC_ROOT_CLASS = YES_ERROR;
				CLANG_WARN_RANGE_LOOP_ANALYSIS = YES;
				CLANG_WARN_STRICT_PROTOTYPES = YES;
				CLANG_WARN_SUSPICIOUS_MOVE = YES;
				CLANG_WARN_UNGUARDED_AVAILABILITY = YES_AGGRESSIVE;
				CLANG_WARN_UNREACHABLE_CODE = YES;
				CLANG_WARN__DUPLICATE_METHOD_MATCH = YES;
				CODE_SIGN_IDENTITY = "iPhone Developer";
				COPY_PHASE_STRIP = NO;
				DEBUG_INFORMATION_FORMAT = dwarf;
				ENABLE_STRICT_OBJC_MSGSEND = YES;
				ENABLE_TESTABILITY = YES;
				GCC_C_LANGUAGE_STANDARD = gnu11;
				GCC_DYNAMIC_NO_PIC = NO;
				GCC_NO_COMMON_BLOCKS = YES;
				GCC_OPTIMIZATION_LEVEL = 0;
				GCC_PREPROCESSOR_DEFINITIONS = (
					"DEBUG=1",
					"$(inherited)",
				);
				GCC_WARN_64_TO_32_BIT_CONVERSION = YES;
				GCC_WARN_ABOUT_RETURN_TYPE = YES_ERROR;
				GCC_WARN_UNDECLARED_SELECTOR = YES;
				GCC_WARN_UNINITIALIZED_AUTOS = YES_AGGRESSIVE;
				GCC_WARN_UNUSED_FUNCTION = YES;
				GCC_WARN_UNUSED_VARIABLE = YES;
				IPHONEOS_DEPLOYMENT_TARGET = 11.2;
				MTL_ENABLE_DEBUG_INFO = YES;
				ONLY_ACTIVE_ARCH = YES;
				SDKROOT = iphoneos;
			};
			name = Debug;
		};
		13C11840206D25820012306E /* Release */ = {
			isa = XCBuildConfiguration;
			buildSettings = {
				ALWAYS_SEARCH_USER_PATHS = NO;
				CLANG_ANALYZER_NONNULL = YES;
				CLANG_ANALYZER_NUMBER_OBJECT_CONVERSION = YES_AGGRESSIVE;
				CLANG_CXX_LANGUAGE_STANDARD = "gnu++14";
				CLANG_CXX_LIBRARY = "libc++";
				CLANG_ENABLE_MODULES = YES;
				CLANG_ENABLE_OBJC_ARC = YES;
				CLANG_WARN_BLOCK_CAPTURE_AUTORELEASING = YES;
				CLANG_WARN_BOOL_CONVERSION = YES;
				CLANG_WARN_COMMA = YES;
				CLANG_WARN_CONSTANT_CONVERSION = YES;
				CLANG_WARN_DIRECT_OBJC_ISA_USAGE = YES_ERROR;
				CLANG_WARN_DOCUMENTATION_COMMENTS = YES;
				CLANG_WARN_EMPTY_BODY = YES;
				CLANG_WARN_ENUM_CONVERSION = YES;
				CLANG_WARN_INFINITE_RECURSION = YES;
				CLANG_WARN_INT_CONVERSION = YES;
				CLANG_WARN_NON_LITERAL_NULL_CONVERSION = YES;
				CLANG_WARN_OBJC_LITERAL_CONVERSION = YES;
				CLANG_WARN_OBJC_ROOT_CLASS = YES_ERROR;
				CLANG_WARN_RANGE_LOOP_ANALYSIS = YES;
				CLANG_WARN_STRICT_PROTOTYPES = YES;
				CLANG_WARN_SUSPICIOUS_MOVE = YES;
				CLANG_WARN_UNGUARDED_AVAILABILITY = YES_AGGRESSIVE;
				CLANG_WARN_UNREACHABLE_CODE = YES;
				CLANG_WARN__DUPLICATE_METHOD_MATCH = YES;
				CODE_SIGN_IDENTITY = "iPhone Developer";
				COPY_PHASE_STRIP = NO;
				DEBUG_INFORMATION_FORMAT = "dwarf-with-dsym";
				ENABLE_NS_ASSERTIONS = NO;
				ENABLE_STRICT_OBJC_MSGSEND = YES;
				GCC_C_LANGUAGE_STANDARD = gnu11;
				GCC_NO_COMMON_BLOCKS = YES;
				GCC_WARN_64_TO_32_BIT_CONVERSION = YES;
				GCC_WARN_ABOUT_RETURN_TYPE = YES_ERROR;
				GCC_WARN_UNDECLARED_SELECTOR = YES;
				GCC_WARN_UNINITIALIZED_AUTOS = YES_AGGRESSIVE;
				GCC_WARN_UNUSED_FUNCTION = YES;
				GCC_WARN_UNUSED_VARIABLE = YES;
				IPHONEOS_DEPLOYMENT_TARGET = 11.2;
				MTL_ENABLE_DEBUG_INFO = NO;
				SDKROOT = iphoneos;
				VALIDATE_PRODUCT = YES;
			};
			name = Release;
		};
		13C11842206D25820012306E /* Debug */ = {
			isa = XCBuildConfiguration;
			buildSettings = {
				ASSETCATALOG_COMPILER_APPICON_NAME = AppIcon;
				CODE_SIGN_STYLE = Automatic;
				DEVELOPMENT_TEAM = G46XP9877A;
				INFOPLIST_FILE = "3DARKit初体验/Info.plist";
				LD_RUNPATH_SEARCH_PATHS = "$(inherited) @executable_path/Frameworks";
				PRODUCT_BUNDLE_IDENTIFIER = "com.HDU.-DARKit---";
				PRODUCT_NAME = "$(TARGET_NAME)";
				TARGETED_DEVICE_FAMILY = "1,2";
			};
			name = Debug;
		};
		13C11843206D25820012306E /* Release */ = {
			isa = XCBuildConfiguration;
			buildSettings = {
				ASSETCATALOG_COMPILER_APPICON_NAME = AppIcon;
				CODE_SIGN_STYLE = Automatic;
				DEVELOPMENT_TEAM = G46XP9877A;
				INFOPLIST_FILE = "3DARKit初体验/Info.plist";
				LD_RUNPATH_SEARCH_PATHS = "$(inherited) @executable_path/Frameworks";
				PRODUCT_BUNDLE_IDENTIFIER = "com.HDU.-DARKit---";
				PRODUCT_NAME = "$(TARGET_NAME)";
				TARGETED_DEVICE_FAMILY = "1,2";
			};
			name = Release;
		};
/* End XCBuildConfiguration section */

/* Begin XCConfigurationList section */
		13C11824206D25820012306E /* Build configuration list for PBXProject "3DARKit初体验" */ = {
			isa = XCConfigurationList;
			buildConfigurations = (
				13C1183F206D25820012306E /* Debug */,
				13C11840206D25820012306E /* Release */,
			);
			defaultConfigurationIsVisible = 0;
			defaultConfigurationName = Release;
		};
		13C11841206D25820012306E /* Build configuration list for PBXNativeTarget "3DARKit初体验" */ = {
			isa = XCConfigurationList;
			buildConfigurations = (
				13C11842206D25820012306E /* Debug */,
				13C11843206D25820012306E /* Release */,
			);
			defaultConfigurationIsVisible = 0;
			defaultConfigurationName = Release;
		};
/* End XCConfigurationList section */
	};
	rootObject = 13C11821206D25820012306E /* Project object */;
}
